
Microsoft Visual Studio Solution File, Format Version 11.00
# Visual C# Express 2010
Project("{FAE04EC0-301F-11D3-BF4B-00C04F79EFBC}") = "DumativaHeart", "DumativaHeart\DumativaHeart\DumativaHeart.csproj", "{DA9C0544-574E-4896-8E90-1994768B7259}"
EndProject
Project("{96E2B04D-8817-42C6-938A-82C39BA4D311}") = "DumativaHeartContent", "DumativaHeart\DumativaHeartContent\DumativaHeartContent.contentproj", "{0482F791-48C1-47AE-9525-DCF1D6746D42}"
EndProject
Global
	GlobalSection(SolutionConfigurationPlatforms) = preSolution
		Debug|x86 = Debug|x86
		Release|x86 = Release|x86
	EndGlobalSection
	GlobalSection(ProjectConfigurationPlatforms) = postSolution
		{DA9C0544-574E-4896-8E90-1994768B7259}.Debug|x86.ActiveCfg = Debug|x86
		{DA9C0544-574E-4896-8E90-1994768B7259}.Debug|x86.Build.0 = Debug|x86
		{DA9C0544-574E-4896-8E90-1994768B7259}.Release|x86.ActiveCfg = Release|x86
		{DA9C0544-574E-4896-8E90-1994768B7259}.Release|x86.Build.0 = Release|x86
		{0482F791-48C1-47AE-9525-DCF1D6746D42}.Debug|x86.ActiveCfg = Debug|x86
		{0482F791-48C1-47AE-9525-DCF1D6746D42}.Release|x86.ActiveCfg = Release|x86
	EndGlobalSection
	GlobalSection(SolutionProperties) = preSolution
		HideSolutionNode = FALSE
	EndGlobalSection
EndGlobal
